
Microsoft Visual Studio Solution File, Format Version 12.00
# Visual Studio Version 17
VisualStudioVersion = 17.3.32922.545
MinimumVisualStudioVersion = 10.0.40219.1
Project("{9A19103F-16F7-4668-BE54-9A1E7A4F7556}") = "TOP2000_2", "TOP2000_2\TOP2000_2.csproj", "{C7E5A2C1-B81A-49DB-BDE4-3DFD9B81C5AE}"
EndProject
Project("{FAE04EC0-301F-11D3-BF4B-00C04F79EFBC}") = "APItop2000", "APItop2000\APItop2000.csproj", "{4B7D3D32-DDE1-417E-A101-2509BD09F67F}"
EndProject
Global
	GlobalSection(SolutionConfigurationPlatforms) = preSolution
		Debug|Any CPU = Debug|Any CPU
		Release|Any CPU = Release|Any CPU
	EndGlobalSection
	GlobalSection(ProjectConfigurationPlatforms) = postSolution
		{C7E5A2C1-B81A-49DB-BDE4-3DFD9B81C5AE}.Debug|Any CPU.ActiveCfg = Debug|Any CPU
		{C7E5A2C1-B81A-49DB-BDE4-3DFD9B81C5AE}.Debug|Any CPU.Build.0 = Debug|Any CPU
		{C7E5A2C1-B81A-49DB-BDE4-3DFD9B81C5AE}.Release|Any CPU.ActiveCfg = Release|Any CPU
		{C7E5A2C1-B81A-49DB-BDE4-3DFD9B81C5AE}.Release|Any CPU.Build.0 = Release|Any CPU
		{4B7D3D32-DDE1-417E-A101-2509BD09F67F}.Debug|Any CPU.ActiveCfg = Debug|Any CPU
		{4B7D3D32-DDE1-417E-A101-2509BD09F67F}.Debug|Any CPU.Build.0 = Debug|Any CPU
		{4B7D3D32-DDE1-417E-A101-2509BD09F67F}.Release|Any CPU.ActiveCfg = Release|Any CPU
		{4B7D3D32-DDE1-417E-A101-2509BD09F67F}.Release|Any CPU.Build.0 = Release|Any CPU
	EndGlobalSection
	GlobalSection(SolutionProperties) = preSolution
		HideSolutionNode = FALSE
	EndGlobalSection
	GlobalSection(ExtensibilityGlobals) = postSolution
		SolutionGuid = {963B27A8-41E1-41D4-869A-FCFA9DAC467D}
	EndGlobalSection
EndGlobal
